
Microsoft Visual Studio Solution File, Format Version 12.00
# Visual Studio Version 17
VisualStudioVersion = 17.6.33815.320
MinimumVisualStudioVersion = 10.0.40219.1
Project("{54A90642-561A-4BB1-A94E-469ADEE60C69}") = "angularapp", "angularapp\angularapp.esproj", "{CEFD5B21-E85F-4F8B-A8E8-76213EE33A05}"
EndProject
Project("{2150E333-8FDC-42A3-9474-1A3956D46DE8}") = "01.Clients", "01.Clients", "{C97522D3-A528-4EDB-A1F8-2A0B6E179820}"
EndProject
Project("{2150E333-8FDC-42A3-9474-1A3956D46DE8}") = "02.Api.Gateways", "02.Api.Gateways", "{A0D96730-524E-4FB1-BCCA-20EF7B8DE043}"
EndProject
Project("{2150E333-8FDC-42A3-9474-1A3956D46DE8}") = "03.Services", "03.Services", "{5B2BC15F-0977-451D-9344-DB02B39E9F38}"
EndProject
Project("{2150E333-8FDC-42A3-9474-1A3956D46DE8}") = "01.Identity", "01.Identity", "{7A9942AF-3516-40DD-99D3-302A1ABAA5FA}"
EndProject
Project("{2150E333-8FDC-42A3-9474-1A3956D46DE8}") = "03.Applications", "03.Applications", "{1013D8E2-6252-4CA8-9607-EB805D9BADF4}"
EndProject
Project("{2150E333-8FDC-42A3-9474-1A3956D46DE8}") = "04.Token", "04.Token", "{A7EC3D6F-251D-44B3-8E3A-2F359BB0CF15}"
EndProject
Project("{9A19103F-16F7-4668-BE54-9A1E7A4F7556}") = "Identity.Api", "..\src\Services\Identity\Identity.Api\Identity.Api.csproj", "{EF1A1FCF-B251-4105-A57D-12A13239BB9A}"
EndProject
Project("{2150E333-8FDC-42A3-9474-1A3956D46DE8}") = "01.API", "01.API", "{D66DACB0-CE17-4314-8B73-0775AD616D54}"
EndProject
Project("{2150E333-8FDC-42A3-9474-1A3956D46DE8}") = "02.Services", "02.Services", "{50B107B5-6960-47B8-B823-2098C139B7AE}"
EndProject
Project("{2150E333-8FDC-42A3-9474-1A3956D46DE8}") = "03.Persistence", "03.Persistence", "{D9AC3617-1A99-4E85-A589-86F96D908F2C}"
EndProject
Project("{2150E333-8FDC-42A3-9474-1A3956D46DE8}") = "04.Models", "04.Models", "{677FA628-55F0-48E4-B8AB-6689A2846887}"
EndProject
Project("{9A19103F-16F7-4668-BE54-9A1E7A4F7556}") = "IdentityDomain", "..\src\Services\Identity\IdentityDomain\IdentityDomain.csproj", "{857244DB-4C52-42AC-A931-FF5EC6737426}"
EndProject
Project("{9A19103F-16F7-4668-BE54-9A1E7A4F7556}") = "Identity.Persistence.Database", "..\src\Services\Identity\Identity.Persistence\Identity.Persistence.Database.csproj", "{CCB70C8A-F048-4C94-A2C5-D336C758A131}"
EndProject
Project("{9A19103F-16F7-4668-BE54-9A1E7A4F7556}") = "Identity.Service.Queries", "..\src\Services\Identity\Identity.Service.Queries\Identity.Service.Queries.csproj", "{4C2FF116-D4ED-4608-B447-D99AA5036BFF}"
EndProject
Project("{2150E333-8FDC-42A3-9474-1A3956D46DE8}") = "Common", "Common", "{678F8D55-5153-496F-950C-9BC9F4F9636C}"
EndProject
Project("{9A19103F-16F7-4668-BE54-9A1E7A4F7556}") = "Service.Common.Collection", "..\src\Services\Service.Common.Collection\Service.Common.Collection.csproj", "{D330D3CD-3D50-4938-85DA-0DF2DB6BD7FD}"
EndProject
Project("{9A19103F-16F7-4668-BE54-9A1E7A4F7556}") = "Service.Common.Paging", "..\src\Services\Common\Service.Common.Paging\Service.Common.Paging.csproj", "{C823EF8B-7419-48E1-92B2-3E6995E91E49}"
EndProject
Project("{9A19103F-16F7-4668-BE54-9A1E7A4F7556}") = "Service.Common.Mapping", "..\src\Services\Common\Service.Common.Mapping\Service.Common.Mapping.csproj", "{9EEEE74B-8FB9-4722-9B21-1FE5E933861B}"
EndProject
Project("{2150E333-8FDC-42A3-9474-1A3956D46DE8}") = "02.Users", "02.Users", "{21A417CD-B430-4F0A-842E-CF508C00A705}"
EndProject
Project("{2150E333-8FDC-42A3-9474-1A3956D46DE8}") = "01.API", "01.API", "{D3BB5D4C-608C-4D74-944F-AABAEF3012B1}"
EndProject
Project("{2150E333-8FDC-42A3-9474-1A3956D46DE8}") = "02.Services", "02.Services", "{E1FB04B7-87D0-402A-9881-5C551218E1D4}"
EndProject
Project("{2150E333-8FDC-42A3-9474-1A3956D46DE8}") = "03.Persistence", "03.Persistence", "{6F281B18-9934-41A1-AD56-F3C1725AC025}"
EndProject
Project("{2150E333-8FDC-42A3-9474-1A3956D46DE8}") = "04.Models", "04.Models", "{F52BBE57-384C-4304-BA8D-86F03207FE6F}"
EndProject
Project("{9A19103F-16F7-4668-BE54-9A1E7A4F7556}") = "User.Api", "..\src\Services\Users\Users.Api\User.Api.csproj", "{6BC65A9C-CF8D-49F1-9093-39A758A06A24}"
EndProject
Project("{9A19103F-16F7-4668-BE54-9A1E7A4F7556}") = "User.Service.Queries", "..\src\Services\Users\Users.Service.Queries\User.Service.Queries.csproj", "{A1725EAE-63AB-4AA5-991D-71B384B3284A}"
EndProject
Project("{9A19103F-16F7-4668-BE54-9A1E7A4F7556}") = "User.Persistence.Database", "..\src\Services\Users\Users.Persistence.Database\User.Persistence.Database.csproj", "{6F891622-4BAA-4244-8AB8-E6652F261EC2}"
EndProject
Project("{9A19103F-16F7-4668-BE54-9A1E7A4F7556}") = "UserDomain", "..\src\Services\Users\UserDomain\UserDomain.csproj", "{3E461563-6CA2-462C-BB07-F98DCC3940D7}"
EndProject
Project("{9A19103F-16F7-4668-BE54-9A1E7A4F7556}") = "User.Service.EventHandlers", "..\src\Services\Users\User.Service.EventHandlers\User.Service.EventHandlers.csproj", "{172CC493-DB63-45E0-92AE-19C1AAB558D4}"
EndProject
Project("{2150E333-8FDC-42A3-9474-1A3956D46DE8}") = "05.Common", "05.Common", "{D7125F1E-A3C3-4B5F-A60A-DC70A6812ACB}"
EndProject
Project("{2150E333-8FDC-42A3-9474-1A3956D46DE8}") = "06.Testing", "06.Testing", "{3CEBF674-084B-4357-B93D-A23138181287}"
EndProject
Project("{2150E333-8FDC-42A3-9474-1A3956D46DE8}") = "01.API", "01.API", "{CCCE1F42-3523-49BD-AF34-7DBECAA553C0}"
EndProject
Project("{2150E333-8FDC-42A3-9474-1A3956D46DE8}") = "02.Services", "02.Services", "{73A6DAB5-A6E1-4459-885C-B35679F9C5A5}"
EndProject
Project("{2150E333-8FDC-42A3-9474-1A3956D46DE8}") = "03.Persistence", "03.Persistence", "{D23AEC0C-3F88-43D1-BF96-E088DACD3209}"
EndProject
Project("{2150E333-8FDC-42A3-9474-1A3956D46DE8}") = "04.Models", "04.Models", "{0D2071EB-2DBE-454C-A901-0C39236F7141}"
EndProject
Project("{2150E333-8FDC-42A3-9474-1A3956D46DE8}") = "05.Common", "05.Common", "{B2BC381B-2B8E-4171-8AF8-A38B385B4F3C}"
EndProject
Project("{2150E333-8FDC-42A3-9474-1A3956D46DE8}") = "06.Testing", "06.Testing", "{F33A9927-C948-40AF-BC1C-D0235D339EB9}"
EndProject
Project("{2150E333-8FDC-42A3-9474-1A3956D46DE8}") = "05.Common", "05.Common", "{3C4AA93F-0E25-4269-B43A-36E61FAFC3AC}"
EndProject
Project("{2150E333-8FDC-42A3-9474-1A3956D46DE8}") = "06.Testing", "06.Testing", "{8A0723FF-0317-479D-9E72-A6725160D678}"
EndProject
Project("{9A19103F-16F7-4668-BE54-9A1E7A4F7556}") = "Application.Api", "..\src\Services\Applications\Application.Api\Application.Api.csproj", "{FD79C836-6207-41AD-8343-297686EE2F4C}"
EndProject
Project("{9A19103F-16F7-4668-BE54-9A1E7A4F7556}") = "Application.Service.Queries", "..\src\Services\Applications\Application.Service.Queries\Application.Service.Queries.csproj", "{7E17231E-AF16-4799-BACA-58C1084BDA83}"
EndProject
Project("{9A19103F-16F7-4668-BE54-9A1E7A4F7556}") = "Application.Service.EventHandlers", "..\src\Services\Applications\Application.Service.EventHandlers\Application.Service.EventHandlers.csproj", "{46AA4AF5-69AD-4F99-A7D1-230F665313B7}"
EndProject
Project("{9A19103F-16F7-4668-BE54-9A1E7A4F7556}") = "Application.Persistence.Database", "..\src\Services\Applications\Application.Persistence.Database\Application.Persistence.Database.csproj", "{839BC077-B1EE-4205-B052-3CE3718DF6C1}"
EndProject
Project("{9A19103F-16F7-4668-BE54-9A1E7A4F7556}") = "ApplicationDomain", "..\src\Services\Applications\ApplicationDomain\ApplicationDomain.csproj", "{76E6871C-C042-483E-9220-05719D800800}"
EndProject
Project("{2150E333-8FDC-42A3-9474-1A3956D46DE8}") = "01.API", "01.API", "{115EB10A-8571-4BED-BA0E-A2D93D04E16F}"
EndProject
Project("{2150E333-8FDC-42A3-9474-1A3956D46DE8}") = "02.Services", "02.Services", "{5F1E86F5-DCD7-427C-95F5-0148E605A0A6}"
EndProject
Project("{2150E333-8FDC-42A3-9474-1A3956D46DE8}") = "03.Persistence", "03.Persistence", "{C46F888D-0636-4C49-9DBB-EE99845E2D77}"
EndProject
Project("{2150E333-8FDC-42A3-9474-1A3956D46DE8}") = "04.Models", "04.Models", "{5AC07905-FA91-49E3-9B70-062686330205}"
EndProject
Project("{2150E333-8FDC-42A3-9474-1A3956D46DE8}") = "05.Common", "05.Common", "{18F2930D-CF6B-4548-BF5B-45CA3517441A}"
EndProject
Project("{2150E333-8FDC-42A3-9474-1A3956D46DE8}") = "06.Testing", "06.Testing", "{2DF73882-24E3-41C6-B965-EADF1E652AF3}"
EndProject
Project("{9A19103F-16F7-4668-BE54-9A1E7A4F7556}") = "TokenDomain", "..\src\Services\Tokens\TokenDomain\TokenDomain.csproj", "{B8F93E0A-F2C3-4AD4-B0C0-365F9609DE0A}"
EndProject
Project("{9A19103F-16F7-4668-BE54-9A1E7A4F7556}") = "Token.Persistence.Database", "..\src\Services\Tokens\Token.Persistence.Database\Token.Persistence.Database.csproj", "{FDD87B81-CB93-4FCC-8018-34162FFEAC1B}"
EndProject
Project("{9A19103F-16F7-4668-BE54-9A1E7A4F7556}") = "Token.Service.Queries", "..\src\Services\Tokens\Token.Service.Queries\Token.Service.Queries.csproj", "{275561F8-EBC1-4635-893C-59379AF93565}"
EndProject
Project("{9A19103F-16F7-4668-BE54-9A1E7A4F7556}") = "Token.Service.EventHandlers", "..\src\Services\Tokens\Token.Service.EventHandlers\Token.Service.EventHandlers.csproj", "{D287CD22-D76F-4437-BC96-3AC629C94E33}"
EndProject
Project("{9A19103F-16F7-4668-BE54-9A1E7A4F7556}") = "Token.Api", "..\src\Services\Tokens\Token.Api\Token.Api.csproj", "{4FB7CB44-4196-4B10-B67D-A2395774AF39}"
EndProject
Project("{9A19103F-16F7-4668-BE54-9A1E7A4F7556}") = "Token.Service.Proxies", "..\src\Services\Tokens\Token.Service.Proxies\Token.Service.Proxies.csproj", "{41996522-5F55-4870-95A3-4E836FF14040}"
EndProject
Project("{9A19103F-16F7-4668-BE54-9A1E7A4F7556}") = "Identity.Service.Proxies", "..\src\Services\Identity\Identity.Service.Proxies\Identity.Service.Proxies.csproj", "{7FCC3E52-7793-4939-ABC1-BA4E4138092B}"
EndProject
Project("{2150E333-8FDC-42A3-9474-1A3956D46DE8}") = "APIs", "APIs", "{85C82C2B-FB0E-429C-BA19-35EEB02C2F5C}"
EndProject
Project("{9A19103F-16F7-4668-BE54-9A1E7A4F7556}") = "Api.Gateway.SPAClient", "..\src\Gateways\Api.Gateway.SPAClient\Api.Gateway.SPAClient.csproj", "{D363CCE0-CE9E-48F2-B7E5-959ECFF861B6}"
EndProject
Project("{9A19103F-16F7-4668-BE54-9A1E7A4F7556}") = "Api.Gateways.Proxies", "..\src\Gateways\Api.Gateway.Proxies\Api.Gateways.Proxies.csproj", "{28CD94E7-0F62-4E26-8E8F-CBD657A4F717}"
EndProject
Project("{9A19103F-16F7-4668-BE54-9A1E7A4F7556}") = "Api.Gateways.Models", "..\src\Gateways\Api.Gateways.Models\Api.Gateways.Models.csproj", "{A1F1DA72-90B0-48CE-936F-CB242746E825}"
EndProject
Project("{9A19103F-16F7-4668-BE54-9A1E7A4F7556}") = "VerificaApp", "..\VerificaApp\VerificaApp.csproj", "{BB703F3B-9467-484C-9CA4-23834906DCF9}"
EndProject
Project("{FAE04EC0-301F-11D3-BF4B-00C04F79EFBC}") = "Api.Gateway.APPClient", "..\src\Gateways\Api.Gateway.APPClient\Api.Gateway.APPClient.csproj", "{EF5F26EA-DACC-4156-AF7D-1C60D8A6731F}"
EndProject
Global
	GlobalSection(SolutionConfigurationPlatforms) = preSolution
		Debug|Any CPU = Debug|Any CPU
		Release|Any CPU = Release|Any CPU
	EndGlobalSection
	GlobalSection(ProjectConfigurationPlatforms) = postSolution
		{CEFD5B21-E85F-4F8B-A8E8-76213EE33A05}.Debug|Any CPU.ActiveCfg = Debug|Any CPU
		{CEFD5B21-E85F-4F8B-A8E8-76213EE33A05}.Debug|Any CPU.Build.0 = Debug|Any CPU
		{CEFD5B21-E85F-4F8B-A8E8-76213EE33A05}.Debug|Any CPU.Deploy.0 = Debug|Any CPU
		{CEFD5B21-E85F-4F8B-A8E8-76213EE33A05}.Release|Any CPU.ActiveCfg = Release|Any CPU
		{CEFD5B21-E85F-4F8B-A8E8-76213EE33A05}.Release|Any CPU.Build.0 = Release|Any CPU
		{CEFD5B21-E85F-4F8B-A8E8-76213EE33A05}.Release|Any CPU.Deploy.0 = Release|Any CPU
		{EF1A1FCF-B251-4105-A57D-12A13239BB9A}.Debug|Any CPU.ActiveCfg = Debug|Any CPU
		{EF1A1FCF-B251-4105-A57D-12A13239BB9A}.Debug|Any CPU.Build.0 = Debug|Any CPU
		{EF1A1FCF-B251-4105-A57D-12A13239BB9A}.Release|Any CPU.ActiveCfg = Release|Any CPU
		{EF1A1FCF-B251-4105-A57D-12A13239BB9A}.Release|Any CPU.Build.0 = Release|Any CPU
		{857244DB-4C52-42AC-A931-FF5EC6737426}.Debug|Any CPU.ActiveCfg = Debug|Any CPU
		{857244DB-4C52-42AC-A931-FF5EC6737426}.Debug|Any CPU.Build.0 = Debug|Any CPU
		{857244DB-4C52-42AC-A931-FF5EC6737426}.Release|Any CPU.ActiveCfg = Release|Any CPU
		{857244DB-4C52-42AC-A931-FF5EC6737426}.Release|Any CPU.Build.0 = Release|Any CPU
		{CCB70C8A-F048-4C94-A2C5-D336C758A131}.Debug|Any CPU.ActiveCfg = Debug|Any CPU
		{CCB70C8A-F048-4C94-A2C5-D336C758A131}.Debug|Any CPU.Build.0 = Debug|Any CPU
		{CCB70C8A-F048-4C94-A2C5-D336C758A131}.Release|Any CPU.ActiveCfg = Release|Any CPU
		{CCB70C8A-F048-4C94-A2C5-D336C758A131}.Release|Any CPU.Build.0 = Release|Any CPU
		{4C2FF116-D4ED-4608-B447-D99AA5036BFF}.Debug|Any CPU.ActiveCfg = Debug|Any CPU
		{4C2FF116-D4ED-4608-B447-D99AA5036BFF}.Debug|Any CPU.Build.0 = Debug|Any CPU
		{4C2FF116-D4ED-4608-B447-D99AA5036BFF}.Release|Any CPU.ActiveCfg = Release|Any CPU
		{4C2FF116-D4ED-4608-B447-D99AA5036BFF}.Release|Any CPU.Build.0 = Release|Any CPU
		{D330D3CD-3D50-4938-85DA-0DF2DB6BD7FD}.Debug|Any CPU.ActiveCfg = Debug|Any CPU
		{D330D3CD-3D50-4938-85DA-0DF2DB6BD7FD}.Debug|Any CPU.Build.0 = Debug|Any CPU
		{D330D3CD-3D50-4938-85DA-0DF2DB6BD7FD}.Release|Any CPU.ActiveCfg = Release|Any CPU
		{D330D3CD-3D50-4938-85DA-0DF2DB6BD7FD}.Release|Any CPU.Build.0 = Release|Any CPU
		{C823EF8B-7419-48E1-92B2-3E6995E91E49}.Debug|Any CPU.ActiveCfg = Debug|Any CPU
		{C823EF8B-7419-48E1-92B2-3E6995E91E49}.Debug|Any CPU.Build.0 = Debug|Any CPU
		{C823EF8B-7419-48E1-92B2-3E6995E91E49}.Release|Any CPU.ActiveCfg = Release|Any CPU
		{C823EF8B-7419-48E1-92B2-3E6995E91E49}.Release|Any CPU.Build.0 = Release|Any CPU
		{9EEEE74B-8FB9-4722-9B21-1FE5E933861B}.Debug|Any CPU.ActiveCfg = Debug|Any CPU
		{9EEEE74B-8FB9-4722-9B21-1FE5E933861B}.Debug|Any CPU.Build.0 = Debug|Any CPU
		{9EEEE74B-8FB9-4722-9B21-1FE5E933861B}.Release|Any CPU.ActiveCfg = Release|Any CPU
		{9EEEE74B-8FB9-4722-9B21-1FE5E933861B}.Release|Any CPU.Build.0 = Release|Any CPU
		{6BC65A9C-CF8D-49F1-9093-39A758A06A24}.Debug|Any CPU.ActiveCfg = Debug|Any CPU
		{6BC65A9C-CF8D-49F1-9093-39A758A06A24}.Debug|Any CPU.Build.0 = Debug|Any CPU
		{6BC65A9C-CF8D-49F1-9093-39A758A06A24}.Release|Any CPU.ActiveCfg = Release|Any CPU
		{6BC65A9C-CF8D-49F1-9093-39A758A06A24}.Release|Any CPU.Build.0 = Release|Any CPU
		{A1725EAE-63AB-4AA5-991D-71B384B3284A}.Debug|Any CPU.ActiveCfg = Debug|Any CPU
		{A1725EAE-63AB-4AA5-991D-71B384B3284A}.Debug|Any CPU.Build.0 = Debug|Any CPU
		{A1725EAE-63AB-4AA5-991D-71B384B3284A}.Release|Any CPU.ActiveCfg = Release|Any CPU
		{A1725EAE-63AB-4AA5-991D-71B384B3284A}.Release|Any CPU.Build.0 = Release|Any CPU
		{6F891622-4BAA-4244-8AB8-E6652F261EC2}.Debug|Any CPU.ActiveCfg = Debug|Any CPU
		{6F891622-4BAA-4244-8AB8-E6652F261EC2}.Debug|Any CPU.Build.0 = Debug|Any CPU
		{6F891622-4BAA-4244-8AB8-E6652F261EC2}.Release|Any CPU.ActiveCfg = Release|Any CPU
		{6F891622-4BAA-4244-8AB8-E6652F261EC2}.Release|Any CPU.Build.0 = Release|Any CPU
		{3E461563-6CA2-462C-BB07-F98DCC3940D7}.Debug|Any CPU.ActiveCfg = Debug|Any CPU
		{3E461563-6CA2-462C-BB07-F98DCC3940D7}.Debug|Any CPU.Build.0 = Debug|Any CPU
		{3E461563-6CA2-462C-BB07-F98DCC3940D7}.Release|Any CPU.ActiveCfg = Release|Any CPU
		{3E461563-6CA2-462C-BB07-F98DCC3940D7}.Release|Any CPU.Build.0 = Release|Any CPU
		{172CC493-DB63-45E0-92AE-19C1AAB558D4}.Debug|Any CPU.ActiveCfg = Debug|Any CPU
		{172CC493-DB63-45E0-92AE-19C1AAB558D4}.Debug|Any CPU.Build.0 = Debug|Any CPU
		{172CC493-DB63-45E0-92AE-19C1AAB558D4}.Release|Any CPU.ActiveCfg = Release|Any CPU
		{172CC493-DB63-45E0-92AE-19C1AAB558D4}.Release|Any CPU.Build.0 = Release|Any CPU
		{FD79C836-6207-41AD-8343-297686EE2F4C}.Debug|Any CPU.ActiveCfg = Debug|Any CPU
		{FD79C836-6207-41AD-8343-297686EE2F4C}.Debug|Any CPU.Build.0 = Debug|Any CPU
		{FD79C836-6207-41AD-8343-297686EE2F4C}.Release|Any CPU.ActiveCfg = Release|Any CPU
		{FD79C836-6207-41AD-8343-297686EE2F4C}.Release|Any CPU.Build.0 = Release|Any CPU
		{7E17231E-AF16-4799-BACA-58C1084BDA83}.Debug|Any CPU.ActiveCfg = Debug|Any CPU
		{7E17231E-AF16-4799-BACA-58C1084BDA83}.Debug|Any CPU.Build.0 = Debug|Any CPU
		{7E17231E-AF16-4799-BACA-58C1084BDA83}.Release|Any CPU.ActiveCfg = Release|Any CPU
		{7E17231E-AF16-4799-BACA-58C1084BDA83}.Release|Any CPU.Build.0 = Release|Any CPU
		{46AA4AF5-69AD-4F99-A7D1-230F665313B7}.Debug|Any CPU.ActiveCfg = Debug|Any CPU
		{46AA4AF5-69AD-4F99-A7D1-230F665313B7}.Debug|Any CPU.Build.0 = Debug|Any CPU
		{46AA4AF5-69AD-4F99-A7D1-230F665313B7}.Release|Any CPU.ActiveCfg = Release|Any CPU
		{46AA4AF5-69AD-4F99-A7D1-230F665313B7}.Release|Any CPU.Build.0 = Release|Any CPU
		{839BC077-B1EE-4205-B052-3CE3718DF6C1}.Debug|Any CPU.ActiveCfg = Debug|Any CPU
		{839BC077-B1EE-4205-B052-3CE3718DF6C1}.Debug|Any CPU.Build.0 = Debug|Any CPU
		{839BC077-B1EE-4205-B052-3CE3718DF6C1}.Release|Any CPU.ActiveCfg = Release|Any CPU
		{839BC077-B1EE-4205-B052-3CE3718DF6C1}.Release|Any CPU.Build.0 = Release|Any CPU
		{76E6871C-C042-483E-9220-05719D800800}.Debug|Any CPU.ActiveCfg = Debug|Any CPU
		{76E6871C-C042-483E-9220-05719D800800}.Debug|Any CPU.Build.0 = Debug|Any CPU
		{76E6871C-C042-483E-9220-05719D800800}.Release|Any CPU.ActiveCfg = Release|Any CPU
		{76E6871C-C042-483E-9220-05719D800800}.Release|Any CPU.Build.0 = Release|Any CPU
		{B8F93E0A-F2C3-4AD4-B0C0-365F9609DE0A}.Debug|Any CPU.ActiveCfg = Debug|Any CPU
		{B8F93E0A-F2C3-4AD4-B0C0-365F9609DE0A}.Debug|Any CPU.Build.0 = Debug|Any CPU
		{B8F93E0A-F2C3-4AD4-B0C0-365F9609DE0A}.Release|Any CPU.ActiveCfg = Release|Any CPU
		{B8F93E0A-F2C3-4AD4-B0C0-365F9609DE0A}.Release|Any CPU.Build.0 = Release|Any CPU
		{FDD87B81-CB93-4FCC-8018-34162FFEAC1B}.Debug|Any CPU.ActiveCfg = Debug|Any CPU
		{FDD87B81-CB93-4FCC-8018-34162FFEAC1B}.Debug|Any CPU.Build.0 = Debug|Any CPU
		{FDD87B81-CB93-4FCC-8018-34162FFEAC1B}.Release|Any CPU.ActiveCfg = Release|Any CPU
		{FDD87B81-CB93-4FCC-8018-34162FFEAC1B}.Release|Any CPU.Build.0 = Release|Any CPU
		{275561F8-EBC1-4635-893C-59379AF93565}.Debug|Any CPU.ActiveCfg = Debug|Any CPU
		{275561F8-EBC1-4635-893C-59379AF93565}.Debug|Any CPU.Build.0 = Debug|Any CPU
		{275561F8-EBC1-4635-893C-59379AF93565}.Release|Any CPU.ActiveCfg = Release|Any CPU
		{275561F8-EBC1-4635-893C-59379AF93565}.Release|Any CPU.Build.0 = Release|Any CPU
		{D287CD22-D76F-4437-BC96-3AC629C94E33}.Debug|Any CPU.ActiveCfg = Debug|Any CPU
		{D287CD22-D76F-4437-BC96-3AC629C94E33}.Debug|Any CPU.Build.0 = Debug|Any CPU
		{D287CD22-D76F-4437-BC96-3AC629C94E33}.Release|Any CPU.ActiveCfg = Release|Any CPU
		{D287CD22-D76F-4437-BC96-3AC629C94E33}.Release|Any CPU.Build.0 = Release|Any CPU
		{4FB7CB44-4196-4B10-B67D-A2395774AF39}.Debug|Any CPU.ActiveCfg = Debug|Any CPU
		{4FB7CB44-4196-4B10-B67D-A2395774AF39}.Debug|Any CPU.Build.0 = Debug|Any CPU
		{4FB7CB44-4196-4B10-B67D-A2395774AF39}.Release|Any CPU.ActiveCfg = Release|Any CPU
		{4FB7CB44-4196-4B10-B67D-A2395774AF39}.Release|Any CPU.Build.0 = Release|Any CPU
		{41996522-5F55-4870-95A3-4E836FF14040}.Debug|Any CPU.ActiveCfg = Debug|Any CPU
		{41996522-5F55-4870-95A3-4E836FF14040}.Debug|Any CPU.Build.0 = Debug|Any CPU
		{41996522-5F55-4870-95A3-4E836FF14040}.Release|Any CPU.ActiveCfg = Release|Any CPU
		{41996522-5F55-4870-95A3-4E836FF14040}.Release|Any CPU.Build.0 = Release|Any CPU
		{7FCC3E52-7793-4939-ABC1-BA4E4138092B}.Debug|Any CPU.ActiveCfg = Debug|Any CPU
		{7FCC3E52-7793-4939-ABC1-BA4E4138092B}.Debug|Any CPU.Build.0 = Debug|Any CPU
		{7FCC3E52-7793-4939-ABC1-BA4E4138092B}.Release|Any CPU.ActiveCfg = Release|Any CPU
		{7FCC3E52-7793-4939-ABC1-BA4E4138092B}.Release|Any CPU.Build.0 = Release|Any CPU
		{D363CCE0-CE9E-48F2-B7E5-959ECFF861B6}.Debug|Any CPU.ActiveCfg = Debug|Any CPU
		{D363CCE0-CE9E-48F2-B7E5-959ECFF861B6}.Debug|Any CPU.Build.0 = Debug|Any CPU
		{D363CCE0-CE9E-48F2-B7E5-959ECFF861B6}.Release|Any CPU.ActiveCfg = Release|Any CPU
		{D363CCE0-CE9E-48F2-B7E5-959ECFF861B6}.Release|Any CPU.Build.0 = Release|Any CPU
		{28CD94E7-0F62-4E26-8E8F-CBD657A4F717}.Debug|Any CPU.ActiveCfg = Debug|Any CPU
		{28CD94E7-0F62-4E26-8E8F-CBD657A4F717}.Debug|Any CPU.Build.0 = Debug|Any CPU
		{28CD94E7-0F62-4E26-8E8F-CBD657A4F717}.Release|Any CPU.ActiveCfg = Release|Any CPU
		{28CD94E7-0F62-4E26-8E8F-CBD657A4F717}.Release|Any CPU.Build.0 = Release|Any CPU
		{A1F1DA72-90B0-48CE-936F-CB242746E825}.Debug|Any CPU.ActiveCfg = Debug|Any CPU
		{A1F1DA72-90B0-48CE-936F-CB242746E825}.Debug|Any CPU.Build.0 = Debug|Any CPU
		{A1F1DA72-90B0-48CE-936F-CB242746E825}.Release|Any CPU.ActiveCfg = Release|Any CPU
		{A1F1DA72-90B0-48CE-936F-CB242746E825}.Release|Any CPU.Build.0 = Release|Any CPU
		{BB703F3B-9467-484C-9CA4-23834906DCF9}.Debug|Any CPU.ActiveCfg = Debug|Any CPU
		{BB703F3B-9467-484C-9CA4-23834906DCF9}.Debug|Any CPU.Build.0 = Debug|Any CPU
		{BB703F3B-9467-484C-9CA4-23834906DCF9}.Debug|Any CPU.Deploy.0 = Debug|Any CPU
		{BB703F3B-9467-484C-9CA4-23834906DCF9}.Release|Any CPU.ActiveCfg = Release|Any CPU
		{BB703F3B-9467-484C-9CA4-23834906DCF9}.Release|Any CPU.Build.0 = Release|Any CPU
		{BB703F3B-9467-484C-9CA4-23834906DCF9}.Release|Any CPU.Deploy.0 = Release|Any CPU
		{EF5F26EA-DACC-4156-AF7D-1C60D8A6731F}.Debug|Any CPU.ActiveCfg = Debug|Any CPU
		{EF5F26EA-DACC-4156-AF7D-1C60D8A6731F}.Debug|Any CPU.Build.0 = Debug|Any CPU
		{EF5F26EA-DACC-4156-AF7D-1C60D8A6731F}.Release|Any CPU.ActiveCfg = Release|Any CPU
		{EF5F26EA-DACC-4156-AF7D-1C60D8A6731F}.Release|Any CPU.Build.0 = Release|Any CPU
	EndGlobalSection
	GlobalSection(SolutionProperties) = preSolution
		HideSolutionNode = FALSE
	EndGlobalSection
	GlobalSection(NestedProjects) = preSolution
		{CEFD5B21-E85F-4F8B-A8E8-76213EE33A05} = {C97522D3-A528-4EDB-A1F8-2A0B6E179820}
		{7A9942AF-3516-40DD-99D3-302A1ABAA5FA} = {5B2BC15F-0977-451D-9344-DB02B39E9F38}
		{1013D8E2-6252-4CA8-9607-EB805D9BADF4} = {5B2BC15F-0977-451D-9344-DB02B39E9F38}
		{A7EC3D6F-251D-44B3-8E3A-2F359BB0CF15} = {5B2BC15F-0977-451D-9344-DB02B39E9F38}
		{EF1A1FCF-B251-4105-A57D-12A13239BB9A} = {D66DACB0-CE17-4314-8B73-0775AD616D54}
		{D66DACB0-CE17-4314-8B73-0775AD616D54} = {7A9942AF-3516-40DD-99D3-302A1ABAA5FA}
		{50B107B5-6960-47B8-B823-2098C139B7AE} = {7A9942AF-3516-40DD-99D3-302A1ABAA5FA}
		{D9AC3617-1A99-4E85-A589-86F96D908F2C} = {7A9942AF-3516-40DD-99D3-302A1ABAA5FA}
		{677FA628-55F0-48E4-B8AB-6689A2846887} = {7A9942AF-3516-40DD-99D3-302A1ABAA5FA}
		{857244DB-4C52-42AC-A931-FF5EC6737426} = {677FA628-55F0-48E4-B8AB-6689A2846887}
		{CCB70C8A-F048-4C94-A2C5-D336C758A131} = {D9AC3617-1A99-4E85-A589-86F96D908F2C}
		{4C2FF116-D4ED-4608-B447-D99AA5036BFF} = {50B107B5-6960-47B8-B823-2098C139B7AE}
		{678F8D55-5153-496F-950C-9BC9F4F9636C} = {5B2BC15F-0977-451D-9344-DB02B39E9F38}
		{D330D3CD-3D50-4938-85DA-0DF2DB6BD7FD} = {678F8D55-5153-496F-950C-9BC9F4F9636C}
		{C823EF8B-7419-48E1-92B2-3E6995E91E49} = {678F8D55-5153-496F-950C-9BC9F4F9636C}
		{9EEEE74B-8FB9-4722-9B21-1FE5E933861B} = {678F8D55-5153-496F-950C-9BC9F4F9636C}
		{21A417CD-B430-4F0A-842E-CF508C00A705} = {5B2BC15F-0977-451D-9344-DB02B39E9F38}
		{D3BB5D4C-608C-4D74-944F-AABAEF3012B1} = {21A417CD-B430-4F0A-842E-CF508C00A705}
		{E1FB04B7-87D0-402A-9881-5C551218E1D4} = {21A417CD-B430-4F0A-842E-CF508C00A705}
		{6F281B18-9934-41A1-AD56-F3C1725AC025} = {21A417CD-B430-4F0A-842E-CF508C00A705}
		{F52BBE57-384C-4304-BA8D-86F03207FE6F} = {21A417CD-B430-4F0A-842E-CF508C00A705}
		{6BC65A9C-CF8D-49F1-9093-39A758A06A24} = {D3BB5D4C-608C-4D74-944F-AABAEF3012B1}
		{A1725EAE-63AB-4AA5-991D-71B384B3284A} = {E1FB04B7-87D0-402A-9881-5C551218E1D4}
		{6F891622-4BAA-4244-8AB8-E6652F261EC2} = {6F281B18-9934-41A1-AD56-F3C1725AC025}
		{3E461563-6CA2-462C-BB07-F98DCC3940D7} = {F52BBE57-384C-4304-BA8D-86F03207FE6F}
		{172CC493-DB63-45E0-92AE-19C1AAB558D4} = {E1FB04B7-87D0-402A-9881-5C551218E1D4}
		{D7125F1E-A3C3-4B5F-A60A-DC70A6812ACB} = {21A417CD-B430-4F0A-842E-CF508C00A705}
		{3CEBF674-084B-4357-B93D-A23138181287} = {21A417CD-B430-4F0A-842E-CF508C00A705}
		{CCCE1F42-3523-49BD-AF34-7DBECAA553C0} = {1013D8E2-6252-4CA8-9607-EB805D9BADF4}
		{73A6DAB5-A6E1-4459-885C-B35679F9C5A5} = {1013D8E2-6252-4CA8-9607-EB805D9BADF4}
		{D23AEC0C-3F88-43D1-BF96-E088DACD3209} = {1013D8E2-6252-4CA8-9607-EB805D9BADF4}
		{0D2071EB-2DBE-454C-A901-0C39236F7141} = {1013D8E2-6252-4CA8-9607-EB805D9BADF4}
		{B2BC381B-2B8E-4171-8AF8-A38B385B4F3C} = {1013D8E2-6252-4CA8-9607-EB805D9BADF4}
		{F33A9927-C948-40AF-BC1C-D0235D339EB9} = {1013D8E2-6252-4CA8-9607-EB805D9BADF4}
		{3C4AA93F-0E25-4269-B43A-36E61FAFC3AC} = {7A9942AF-3516-40DD-99D3-302A1ABAA5FA}
		{8A0723FF-0317-479D-9E72-A6725160D678} = {7A9942AF-3516-40DD-99D3-302A1ABAA5FA}
		{FD79C836-6207-41AD-8343-297686EE2F4C} = {CCCE1F42-3523-49BD-AF34-7DBECAA553C0}
		{7E17231E-AF16-4799-BACA-58C1084BDA83} = {73A6DAB5-A6E1-4459-885C-B35679F9C5A5}
		{46AA4AF5-69AD-4F99-A7D1-230F665313B7} = {73A6DAB5-A6E1-4459-885C-B35679F9C5A5}
		{839BC077-B1EE-4205-B052-3CE3718DF6C1} = {D23AEC0C-3F88-43D1-BF96-E088DACD3209}
		{76E6871C-C042-483E-9220-05719D800800} = {0D2071EB-2DBE-454C-A901-0C39236F7141}
		{115EB10A-8571-4BED-BA0E-A2D93D04E16F} = {A7EC3D6F-251D-44B3-8E3A-2F359BB0CF15}
		{5F1E86F5-DCD7-427C-95F5-0148E605A0A6} = {A7EC3D6F-251D-44B3-8E3A-2F359BB0CF15}
		{C46F888D-0636-4C49-9DBB-EE99845E2D77} = {A7EC3D6F-251D-44B3-8E3A-2F359BB0CF15}
		{5AC07905-FA91-49E3-9B70-062686330205} = {A7EC3D6F-251D-44B3-8E3A-2F359BB0CF15}
		{18F2930D-CF6B-4548-BF5B-45CA3517441A} = {A7EC3D6F-251D-44B3-8E3A-2F359BB0CF15}
		{2DF73882-24E3-41C6-B965-EADF1E652AF3} = {A7EC3D6F-251D-44B3-8E3A-2F359BB0CF15}
		{B8F93E0A-F2C3-4AD4-B0C0-365F9609DE0A} = {5AC07905-FA91-49E3-9B70-062686330205}
		{FDD87B81-CB93-4FCC-8018-34162FFEAC1B} = {C46F888D-0636-4C49-9DBB-EE99845E2D77}
		{275561F8-EBC1-4635-893C-59379AF93565} = {5F1E86F5-DCD7-427C-95F5-0148E605A0A6}
		{D287CD22-D76F-4437-BC96-3AC629C94E33} = {5F1E86F5-DCD7-427C-95F5-0148E605A0A6}
		{4FB7CB44-4196-4B10-B67D-A2395774AF39} = {115EB10A-8571-4BED-BA0E-A2D93D04E16F}
		{41996522-5F55-4870-95A3-4E836FF14040} = {5F1E86F5-DCD7-427C-95F5-0148E605A0A6}
		{7FCC3E52-7793-4939-ABC1-BA4E4138092B} = {50B107B5-6960-47B8-B823-2098C139B7AE}
		{85C82C2B-FB0E-429C-BA19-35EEB02C2F5C} = {A0D96730-524E-4FB1-BCCA-20EF7B8DE043}
		{D363CCE0-CE9E-48F2-B7E5-959ECFF861B6} = {85C82C2B-FB0E-429C-BA19-35EEB02C2F5C}
		{28CD94E7-0F62-4E26-8E8F-CBD657A4F717} = {A0D96730-524E-4FB1-BCCA-20EF7B8DE043}
		{A1F1DA72-90B0-48CE-936F-CB242746E825} = {A0D96730-524E-4FB1-BCCA-20EF7B8DE043}
		{BB703F3B-9467-484C-9CA4-23834906DCF9} = {C97522D3-A528-4EDB-A1F8-2A0B6E179820}
		{EF5F26EA-DACC-4156-AF7D-1C60D8A6731F} = {85C82C2B-FB0E-429C-BA19-35EEB02C2F5C}
	EndGlobalSection
	GlobalSection(ExtensibilityGlobals) = postSolution
		SolutionGuid = {AAE94150-FBB4-4079-A9FD-36EA88C88B27}
	EndGlobalSection
EndGlobal
